
Microsoft Visual Studio Solution File, Format Version 12.00
# Visual Studio Version 17
VisualStudioVersion = 17.6.33815.320
MinimumVisualStudioVersion = 10.0.40219.1
Project("{9A19103F-16F7-4668-BE54-9A1E7A4F7556}") = "QuickSort", "QuickSort\QuickSort.csproj", "{C5705D11-DB08-4521-BFE1-839360CDEF3B}"
EndProject
Global
	GlobalSection(SolutionConfigurationPlatforms) = preSolution
		Debug|Any CPU = Debug|Any CPU
		Release|Any CPU = Release|Any CPU
	EndGlobalSection
	GlobalSection(ProjectConfigurationPlatforms) = postSolution
		{C5705D11-DB08-4521-BFE1-839360CDEF3B}.Debug|Any CPU.ActiveCfg = Debug|Any CPU
		{C5705D11-DB08-4521-BFE1-839360CDEF3B}.Debug|Any CPU.Build.0 = Debug|Any CPU
		{C5705D11-DB08-4521-BFE1-839360CDEF3B}.Release|Any CPU.ActiveCfg = Release|Any CPU
		{C5705D11-DB08-4521-BFE1-839360CDEF3B}.Release|Any CPU.Build.0 = Release|Any CPU
	EndGlobalSection
	GlobalSection(SolutionProperties) = preSolution
		HideSolutionNode = FALSE
	EndGlobalSection
	GlobalSection(ExtensibilityGlobals) = postSolution
		SolutionGuid = {2451A09C-A7BB-422C-B533-D2AA356F0B8C}
	EndGlobalSection
EndGlobal
